// !$*UTF8*$!
{
	archiveVersion = 1;
	classes = {
	};
	objectVersion = 51;
	objects = {

/* Begin PBXBuildFile section */
		76458DE65A8CE0DE42F4F4C9 /* Pods_Onliner.framework in Frameworks */ = {isa = PBXBuildFile; fileRef = 68AAB14601E5D95B5FDA3FD2 /* Pods_Onliner.framework */; };
		7D0BE7B82534A036005B2167 /* AppDelegate.swift in Sources */ = {isa = PBXBuildFile; fileRef = 7D0BE7B72534A036005B2167 /* AppDelegate.swift */; };
		7D0BE7BA2534A036005B2167 /* SceneDelegate.swift in Sources */ = {isa = PBXBuildFile; fileRef = 7D0BE7B92534A036005B2167 /* SceneDelegate.swift */; };
		7D0BE7BC2534A036005B2167 /* ViewController.swift in Sources */ = {isa = PBXBuildFile; fileRef = 7D0BE7BB2534A036005B2167 /* ViewController.swift */; };
		7D0BE7BF2534A036005B2167 /* Main.storyboard in Resources */ = {isa = PBXBuildFile; fileRef = 7D0BE7BD2534A036005B2167 /* Main.storyboard */; };
		7D0BE7C12534A03C005B2167 /* Assets.xcassets in Resources */ = {isa = PBXBuildFile; fileRef = 7D0BE7C02534A03C005B2167 /* Assets.xcassets */; };
		7D0BE7C42534A03C005B2167 /* LaunchScreen.storyboard in Resources */ = {isa = PBXBuildFile; fileRef = 7D0BE7C22534A03C005B2167 /* LaunchScreen.storyboard */; };
		7D0BE7CE2534B18B005B2167 /* Post.swift in Sources */ = {isa = PBXBuildFile; fileRef = 7D0BE7CD2534B18B005B2167 /* Post.swift */; };
		7D0BE7D22534B21B005B2167 /* TimelineViewController.swift in Sources */ = {isa = PBXBuildFile; fileRef = 7D0BE7D12534B21B005B2167 /* TimelineViewController.swift */; };
		7D22BA9225363188006422D9 /* PostMessageViewController.swift in Sources */ = {isa = PBXBuildFile; fileRef = 7D22BA9125363188006422D9 /* PostMessageViewController.swift */; };
		7D22BA95253634D5006422D9 /* TimelineViewCell.swift in Sources */ = {isa = PBXBuildFile; fileRef = 7D22BA93253634D5006422D9 /* TimelineViewCell.swift */; };
		7D22BA96253634D5006422D9 /* TimelineViewCell.xib in Resources */ = {isa = PBXBuildFile; fileRef = 7D22BA94253634D5006422D9 /* TimelineViewCell.xib */; };
		7D22BA98253652EA006422D9 /* GoogleService-Info.plist in Resources */ = {isa = PBXBuildFile; fileRef = 7D22BA97253652EA006422D9 /* GoogleService-Info.plist */; };
		7DB3B5DF2539FC7800FB2B58 /* donebookmarkButton.png in Resources */ = {isa = PBXBuildFile; fileRef = 7DB3B5DD2539FC7700FB2B58 /* donebookmarkButton.png */; };
		7DB3B5E02539FC7800FB2B58 /* bookmarkButton.png in Resources */ = {isa = PBXBuildFile; fileRef = 7DB3B5DE2539FC7800FB2B58 /* bookmarkButton.png */; };
		7DB3B5E2253A02A000FB2B58 /* cellbackground.png in Resources */ = {isa = PBXBuildFile; fileRef = 7DB3B5E1253A02A000FB2B58 /* cellbackground.png */; };
/* End PBXBuildFile section */

/* Begin PBXFileReference section */
		40A6692145609F8A1C7A600C /* Pods-Onliner.debug.xcconfig */ = {isa = PBXFileReference; includeInIndex = 1; lastKnownFileType = text.xcconfig; name = "Pods-Onliner.debug.xcconfig"; path = "Target Support Files/Pods-Onliner/Pods-Onliner.debug.xcconfig"; sourceTree = "<group>"; };
		68AAB14601E5D95B5FDA3FD2 /* Pods_Onliner.framework */ = {isa = PBXFileReference; explicitFileType = wrapper.framework; includeInIndex = 0; path = Pods_Onliner.framework; sourceTree = BUILT_PRODUCTS_DIR; };
		7D0BE7B42534A036005B2167 /* Onliner.app */ = {isa = PBXFileReference; explicitFileType = wrapper.application; includeInIndex = 0; path = Onliner.app; sourceTree = BUILT_PRODUCTS_DIR; };
		7D0BE7B72534A036005B2167 /* AppDelegate.swift */ = {isa = PBXFileReference; lastKnownFileType = sourcecode.swift; path = AppDelegate.swift; sourceTree = "<group>"; };
		7D0BE7B92534A036005B2167 /* SceneDelegate.swift */ = {isa = PBXFileReference; lastKnownFileType = sourcecode.swift; path = SceneDelegate.swift; sourceTree = "<group>"; };
		7D0BE7BB2534A036005B2167 /* ViewController.swift */ = {isa = PBXFileReference; lastKnownFileType = sourcecode.swift; path = ViewController.swift; sourceTree = "<group>"; };
		7D0BE7BE2534A036005B2167 /* Base */ = {isa = PBXFileReference; lastKnownFileType = file.storyboard; name = Base; path = Base.lproj/Main.storyboard; sourceTree = "<group>"; };
		7D0BE7C02534A03C005B2167 /* Assets.xcassets */ = {isa = PBXFileReference; lastKnownFileType = folder.assetcatalog; path = Assets.xcassets; sourceTree = "<group>"; };
		7D0BE7C32534A03C005B2167 /* Base */ = {isa = PBXFileReference; lastKnownFileType = file.storyboard; name = Base; path = Base.lproj/LaunchScreen.storyboard; sourceTree = "<group>"; };
		7D0BE7C52534A03C005B2167 /* Info.plist */ = {isa = PBXFileReference; lastKnownFileType = text.plist.xml; path = Info.plist; sourceTree = "<group>"; };
		7D0BE7CD2534B18B005B2167 /* Post.swift */ = {isa = PBXFileReference; lastKnownFileType = sourcecode.swift; path = Post.swift; sourceTree = "<group>"; };
		7D0BE7D12534B21B005B2167 /* TimelineViewController.swift */ = {isa = PBXFileReference; lastKnownFileType = sourcecode.swift; path = TimelineViewController.swift; sourceTree = "<group>"; };
		7D22BA9125363188006422D9 /* PostMessageViewController.swift */ = {isa = PBXFileReference; lastKnownFileType = sourcecode.swift; path = PostMessageViewController.swift; sourceTree = "<group>"; };
		7D22BA93253634D5006422D9 /* TimelineViewCell.swift */ = {isa = PBXFileReference; lastKnownFileType = sourcecode.swift; path = TimelineViewCell.swift; sourceTree = "<group>"; };
		7D22BA94253634D5006422D9 /* TimelineViewCell.xib */ = {isa = PBXFileReference; lastKnownFileType = file.xib; path = TimelineViewCell.xib; sourceTree = "<group>"; };
		7D22BA97253652EA006422D9 /* GoogleService-Info.plist */ = {isa = PBXFileReference; fileEncoding = 4; lastKnownFileType = text.plist.xml; path = "GoogleService-Info.plist"; sourceTree = "<group>"; };
		7DB3B5DD2539FC7700FB2B58 /* donebookmarkButton.png */ = {isa = PBXFileReference; lastKnownFileType = image.png; path = donebookmarkButton.png; sourceTree = "<group>"; };
		7DB3B5DE2539FC7800FB2B58 /* bookmarkButton.png */ = {isa = PBXFileReference; lastKnownFileType = image.png; path = bookmarkButton.png; sourceTree = "<group>"; };
		7DB3B5E1253A02A000FB2B58 /* cellbackground.png */ = {isa = PBXFileReference; lastKnownFileType = image.png; path = cellbackground.png; sourceTree = "<group>"; };
		BC0C4CE69B419A797CE7477B /* Pods-Onliner.release.xcconfig */ = {isa = PBXFileReference; includeInIndex = 1; lastKnownFileType = text.xcconfig; name = "Pods-Onliner.release.xcconfig"; path = "Target Support Files/Pods-Onliner/Pods-Onliner.release.xcconfig"; sourceTree = "<group>"; };
/* End PBXFileReference section */

/* Begin PBXFrameworksBuildPhase section */
		7D0BE7B12534A036005B2167 /* Frameworks */ = {
			isa = PBXFrameworksBuildPhase;
			buildActionMask = 2147483647;
			files = (
				76458DE65A8CE0DE42F4F4C9 /* Pods_Onliner.framework in Frameworks */,
			);
			runOnlyForDeploymentPostprocessing = 0;
		};
/* End PBXFrameworksBuildPhase section */

/* Begin PBXGroup section */
		2AA743B9DB49EB19801CB4B5 /* Pods */ = {
			isa = PBXGroup;
			children = (
				40A6692145609F8A1C7A600C /* Pods-Onliner.debug.xcconfig */,
				BC0C4CE69B419A797CE7477B /* Pods-Onliner.release.xcconfig */,
			);
			path = Pods;
			sourceTree = "<group>";
		};
		7D0BE7AB2534A036005B2167 = {
			isa = PBXGroup;
			children = (
				7D0BE7B62534A036005B2167 /* Onliner */,
				7D0BE7B52534A036005B2167 /* Products */,
				2AA743B9DB49EB19801CB4B5 /* Pods */,
				B1FD3DA4A1C2673CA2D5EA1A /* Frameworks */,
			);
			sourceTree = "<group>";
		};
		7D0BE7B52534A036005B2167 /* Products */ = {
			isa = PBXGroup;
			children = (
				7D0BE7B42534A036005B2167 /* Onliner.app */,
			);
			name = Products;
			sourceTree = "<group>";
		};
		7D0BE7B62534A036005B2167 /* Onliner */ = {
			isa = PBXGroup;
			children = (
				7DB3B5E1253A02A000FB2B58 /* cellbackground.png */,
				7DB3B5DE2539FC7800FB2B58 /* bookmarkButton.png */,
				7DB3B5DD2539FC7700FB2B58 /* donebookmarkButton.png */,
				7D0BE7B72534A036005B2167 /* AppDelegate.swift */,
				7D0BE7B92534A036005B2167 /* SceneDelegate.swift */,
				7D0BE7BB2534A036005B2167 /* ViewController.swift */,
				7D0BE7D12534B21B005B2167 /* TimelineViewController.swift */,
				7D22BA9125363188006422D9 /* PostMessageViewController.swift */,
				7D0BE7CD2534B18B005B2167 /* Post.swift */,
				7D22BA93253634D5006422D9 /* TimelineViewCell.swift */,
				7D22BA94253634D5006422D9 /* TimelineViewCell.xib */,
				7D0BE7C02534A03C005B2167 /* Assets.xcassets */,
				7D0BE7BD2534A036005B2167 /* Main.storyboard */,
				7D0BE7C22534A03C005B2167 /* LaunchScreen.storyboard */,
				7D22BA97253652EA006422D9 /* GoogleService-Info.plist */,
				7D0BE7C52534A03C005B2167 /* Info.plist */,
			);
			path = Onliner;
			sourceTree = "<group>";
		};
		B1FD3DA4A1C2673CA2D5EA1A /* Frameworks */ = {
			isa = PBXGroup;
			children = (
				68AAB14601E5D95B5FDA3FD2 /* Pods_Onliner.framework */,
			);
			name = Frameworks;
			sourceTree = "<group>";
		};
/* End PBXGroup section */

/* Begin PBXNativeTarget section */
		7D0BE7B32534A036005B2167 /* Onliner */ = {
			isa = PBXNativeTarget;
			buildConfigurationList = 7D0BE7C82534A03C005B2167 /* Build configuration list for PBXNativeTarget "Onliner" */;
			buildPhases = (
				C1E064E38DF58EA52024F876 /* [CP] Check Pods Manifest.lock */,
				7D0BE7B02534A036005B2167 /* Sources */,
				7D0BE7B12534A036005B2167 /* Frameworks */,
				7D0BE7B22534A036005B2167 /* Resources */,
				3AD81295808E49726104862C /* [CP] Embed Pods Frameworks */,
			);
			buildRules = (
			);
			dependencies = (
			);
			name = Onliner;
			productName = Onliner;
			productReference = 7D0BE7B42534A036005B2167 /* Onliner.app */;
			productType = "com.apple.product-type.application";
		};
/* End PBXNativeTarget section */

/* Begin PBXProject section */
		7D0BE7AC2534A036005B2167 /* Project object */ = {
			isa = PBXProject;
			attributes = {
				LastSwiftUpdateCheck = 1130;
				LastUpgradeCheck = 1130;
				ORGANIZATIONNAME = "伊藤　陽香";
				TargetAttributes = {
					7D0BE7B32534A036005B2167 = {
						CreatedOnToolsVersion = 11.3.1;
					};
				};
			};
			buildConfigurationList = 7D0BE7AF2534A036005B2167 /* Build configuration list for PBXProject "Onliner" */;
			compatibilityVersion = "Xcode 9.3";
			developmentRegion = en;
			hasScannedForEncodings = 0;
			knownRegions = (
				en,
				Base,
			);
			mainGroup = 7D0BE7AB2534A036005B2167;
			productRefGroup = 7D0BE7B52534A036005B2167 /* Products */;
			projectDirPath = "";
			projectRoot = "";
			targets = (
				7D0BE7B32534A036005B2167 /* Onliner */,
			);
		};
/* End PBXProject section */

/* Begin PBXResourcesBuildPhase section */
		7D0BE7B22534A036005B2167 /* Resources */ = {
			isa = PBXResourcesBuildPhase;
			buildActionMask = 2147483647;
			files = (
				7D0BE7C42534A03C005B2167 /* LaunchScreen.storyboard in Resources */,
				7D0BE7C12534A03C005B2167 /* Assets.xcassets in Resources */,
				7D22BA98253652EA006422D9 /* GoogleService-Info.plist in Resources */,
				7DB3B5DF2539FC7800FB2B58 /* donebookmarkButton.png in Resources */,
				7D22BA96253634D5006422D9 /* TimelineViewCell.xib in Resources */,
				7DB3B5E2253A02A000FB2B58 /* cellbackground.png in Resources */,
				7D0BE7BF2534A036005B2167 /* Main.storyboard in Resources */,
				7DB3B5E02539FC7800FB2B58 /* bookmarkButton.png in Resources */,
			);
			runOnlyForDeploymentPostprocessing = 0;
		};
/* End PBXResourcesBuildPhase section */

/* Begin PBXShellScriptBuildPhase section */
		3AD81295808E49726104862C /* [CP] Embed Pods Frameworks */ = {
			isa = PBXShellScriptBuildPhase;
			buildActionMask = 2147483647;
			files = (
			);
			inputFileListPaths = (
				"${PODS_ROOT}/Target Support Files/Pods-Onliner/Pods-Onliner-frameworks-${CONFIGURATION}-input-files.xcfilelist",
			);
			name = "[CP] Embed Pods Frameworks";
			outputFileListPaths = (
				"${PODS_ROOT}/Target Support Files/Pods-Onliner/Pods-Onliner-frameworks-${CONFIGURATION}-output-files.xcfilelist",
			);
			runOnlyForDeploymentPostprocessing = 0;
			shellPath = /bin/sh;
			shellScript = "\"${PODS_ROOT}/Target Support Files/Pods-Onliner/Pods-Onliner-frameworks.sh\"\n";
			showEnvVarsInLog = 0;
		};
		C1E064E38DF58EA52024F876 /* [CP] Check Pods Manifest.lock */ = {
			isa = PBXShellScriptBuildPhase;
			buildActionMask = 2147483647;
			files = (
			);
			inputFileListPaths = (
			);
			inputPaths = (
				"${PODS_PODFILE_DIR_PATH}/Podfile.lock",
				"${PODS_ROOT}/Manifest.lock",
			);
			name = "[CP] Check Pods Manifest.lock";
			outputFileListPaths = (
			);
			outputPaths = (
				"$(DERIVED_FILE_DIR)/Pods-Onliner-checkManifestLockResult.txt",
			);
			runOnlyForDeploymentPostprocessing = 0;
			shellPath = /bin/sh;
			shellScript = "diff \"${PODS_PODFILE_DIR_PATH}/Podfile.lock\" \"${PODS_ROOT}/Manifest.lock\" > /dev/null\nif [ $? != 0 ] ; then\n    # print error to STDERR\n    echo \"error: The sandbox is not in sync with the Podfile.lock. Run 'pod install' or update your CocoaPods installation.\" >&2\n    exit 1\nfi\n# This output is used by Xcode 'outputs' to avoid re-running this script phase.\necho \"SUCCESS\" > \"${SCRIPT_OUTPUT_FILE_0}\"\n";
			showEnvVarsInLog = 0;
		};
/* End PBXShellScriptBuildPhase section */

/* Begin PBXSourcesBuildPhase section */
		7D0BE7B02534A036005B2167 /* Sources */ = {
			isa = PBXSourcesBuildPhase;
			buildActionMask = 2147483647;
			files = (
				7D0BE7BC2534A036005B2167 /* ViewController.swift in Sources */,
				7D0BE7B82534A036005B2167 /* AppDelegate.swift in Sources */,
				7D22BA95253634D5006422D9 /* TimelineViewCell.swift in Sources */,
				7D22BA9225363188006422D9 /* PostMessageViewController.swift in Sources */,
				7D0BE7BA2534A036005B2167 /* SceneDelegate.swift in Sources */,
				7D0BE7CE2534B18B005B2167 /* Post.swift in Sources */,
				7D0BE7D22534B21B005B2167 /* TimelineViewController.swift in Sources */,
			);
			runOnlyForDeploymentPostprocessing = 0;
		};
/* End PBXSourcesBuildPhase section */

/* Begin PBXVariantGroup section */
		7D0BE7BD2534A036005B2167 /* Main.storyboard */ = {
			isa = PBXVariantGroup;
			children = (
				7D0BE7BE2534A036005B2167 /* Base */,
			);
			name = Main.storyboard;
			sourceTree = "<group>";
		};
		7D0BE7C22534A03C005B2167 /* LaunchScreen.storyboard */ = {
			isa = PBXVariantGroup;
			children = (
				7D0BE7C32534A03C005B2167 /* Base */,
			);
			name = LaunchScreen.storyboard;
			sourceTree = "<group>";
		};
/* End PBXVariantGroup section */

/* Begin XCBuildConfiguration section */
		7D0BE7C62534A03C005B2167 /* Debug */ = {
			isa = XCBuildConfiguration;
			buildSettings = {
				ALWAYS_SEARCH_USER_PATHS = NO;
				CLANG_ANALYZER_NONNULL = YES;
				CLANG_ANALYZER_NUMBER_OBJECT_CONVERSION = YES_AGGRESSIVE;
				CLANG_CXX_LANGUAGE_STANDARD = "gnu++14";
				CLANG_CXX_LIBRARY = "libc++";
				CLANG_ENABLE_MODULES = YES;
				CLANG_ENABLE_OBJC_ARC = YES;
				CLANG_ENABLE_OBJC_WEAK = YES;
				CLANG_WARN_BLOCK_CAPTURE_AUTORELEASING = YES;
				CLANG_WARN_BOOL_CONVERSION = YES;
				CLANG_WARN_COMMA = YES;
				CLANG_WARN_CONSTANT_CONVERSION = YES;
				CLANG_WARN_DEPRECATED_OBJC_IMPLEMENTATIONS = YES;
				CLANG_WARN_DIRECT_OBJC_ISA_USAGE = YES_ERROR;
				CLANG_WARN_DOCUMENTATION_COMMENTS = YES;
				CLANG_WARN_EMPTY_BODY = YES;
				CLANG_WARN_ENUM_CONVERSION = YES;
				CLANG_WARN_INFINITE_RECURSION = YES;
				CLANG_WARN_INT_CONVERSION = YES;
				CLANG_WARN_NON_LITERAL_NULL_CONVERSION = YES;
				CLANG_WARN_OBJC_IMPLICIT_RETAIN_SELF = YES;
				CLANG_WARN_OBJC_LITERAL_CONVERSION = YES;
				CLANG_WARN_OBJC_ROOT_CLASS = YES_ERROR;
				CLANG_WARN_RANGE_LOOP_ANALYSIS = YES;
				CLANG_WARN_STRICT_PROTOTYPES = YES;
				CLANG_WARN_SUSPICIOUS_MOVE = YES;
				CLANG_WARN_UNGUARDED_AVAILABILITY = YES_AGGRESSIVE;
				CLANG_WARN_UNREACHABLE_CODE = YES;
				CLANG_WARN__DUPLICATE_METHOD_MATCH = YES;
				COPY_PHASE_STRIP = NO;
				DEBUG_INFORMATION_FORMAT = dwarf;
				ENABLE_STRICT_OBJC_MSGSEND = YES;
				ENABLE_TESTABILITY = YES;
				GCC_C_LANGUAGE_STANDARD = gnu11;
				GCC_DYNAMIC_NO_PIC = NO;
				GCC_NO_COMMON_BLOCKS = YES;
				GCC_OPTIMIZATION_LEVEL = 0;
				GCC_PREPROCESSOR_DEFINITIONS = (
					"DEBUG=1",
					"$(inherited)",
				);
				GCC_WARN_64_TO_32_BIT_CONVERSION = YES;
				GCC_WARN_ABOUT_RETURN_TYPE = YES_ERROR;
				GCC_WARN_UNDECLARED_SELECTOR = YES;
				GCC_WARN_UNINITIALIZED_AUTOS = YES_AGGRESSIVE;
				GCC_WARN_UNUSED_FUNCTION = YES;
				GCC_WARN_UNUSED_VARIABLE = YES;
				IPHONEOS_DEPLOYMENT_TARGET = 13.2;
				MTL_ENABLE_DEBUG_INFO = INCLUDE_SOURCE;
				MTL_FAST_MATH = YES;
				ONLY_ACTIVE_ARCH = YES;
				SDKROOT = iphoneos;
				SWIFT_ACTIVE_COMPILATION_CONDITIONS = DEBUG;
				SWIFT_OPTIMIZATION_LEVEL = "-Onone";
			};
			name = Debug;
		};
		7D0BE7C72534A03C005B2167 /* Release */ = {
			isa = XCBuildConfiguration;
			buildSettings = {
				ALWAYS_SEARCH_USER_PATHS = NO;
				CLANG_ANALYZER_NONNULL = YES;
				CLANG_ANALYZER_NUMBER_OBJECT_CONVERSION = YES_AGGRESSIVE;
				CLANG_CXX_LANGUAGE_STANDARD = "gnu++14";
				CLANG_CXX_LIBRARY = "libc++";
				CLANG_ENABLE_MODULES = YES;
				CLANG_ENABLE_OBJC_ARC = YES;
				CLANG_ENABLE_OBJC_WEAK = YES;
				CLANG_WARN_BLOCK_CAPTURE_AUTORELEASING = YES;
				CLANG_WARN_BOOL_CONVERSION = YES;
				CLANG_WARN_COMMA = YES;
				CLANG_WARN_CONSTANT_CONVERSION = YES;
				CLANG_WARN_DEPRECATED_OBJC_IMPLEMENTATIONS = YES;
				CLANG_WARN_DIRECT_OBJC_ISA_USAGE = YES_ERROR;
				CLANG_WARN_DOCUMENTATION_COMMENTS = YES;
				CLANG_WARN_EMPTY_BODY = YES;
				CLANG_WARN_ENUM_CONVERSION = YES;
				CLANG_WARN_INFINITE_RECURSION = YES;
				CLANG_WARN_INT_CONVERSION = YES;
				CLANG_WARN_NON_LITERAL_NULL_CONVERSION = YES;
				CLANG_WARN_OBJC_IMPLICIT_RETAIN_SELF = YES;
				CLANG_WARN_OBJC_LITERAL_CONVERSION = YES;
				CLANG_WARN_OBJC_ROOT_CLASS = YES_ERROR;
				CLANG_WARN_RANGE_LOOP_ANALYSIS = YES;
				CLANG_WARN_STRICT_PROTOTYPES = YES;
				CLANG_WARN_SUSPICIOUS_MOVE = YES;
				CLANG_WARN_UNGUARDED_AVAILABILITY = YES_AGGRESSIVE;
				CLANG_WARN_UNREACHABLE_CODE = YES;
				CLANG_WARN__DUPLICATE_METHOD_MATCH = YES;
				COPY_PHASE_STRIP = NO;
				DEBUG_INFORMATION_FORMAT = "dwarf-with-dsym";
				ENABLE_NS_ASSERTIONS = NO;
				ENABLE_STRICT_OBJC_MSGSEND = YES;
				GCC_C_LANGUAGE_STANDARD = gnu11;
				GCC_NO_COMMON_BLOCKS = YES;
				GCC_WARN_64_TO_32_BIT_CONVERSION = YES;
				GCC_WARN_ABOUT_RETURN_TYPE = YES_ERROR;
				GCC_WARN_UNDECLARED_SELECTOR = YES;
				GCC_WARN_UNINITIALIZED_AUTOS = YES_AGGRESSIVE;
				GCC_WARN_UNUSED_FUNCTION = YES;
				GCC_WARN_UNUSED_VARIABLE = YES;
				IPHONEOS_DEPLOYMENT_TARGET = 13.2;
				MTL_ENABLE_DEBUG_INFO = NO;
				MTL_FAST_MATH = YES;
				SDKROOT = iphoneos;
				SWIFT_COMPILATION_MODE = wholemodule;
				SWIFT_OPTIMIZATION_LEVEL = "-O";
				VALIDATE_PRODUCT = YES;
			};
			name = Release;
		};
		7D0BE7C92534A03C005B2167 /* Debug */ = {
			isa = XCBuildConfiguration;
			baseConfigurationReference = 40A6692145609F8A1C7A600C /* Pods-Onliner.debug.xcconfig */;
			buildSettings = {
				ASSETCATALOG_COMPILER_APPICON_NAME = AppIcon;
				CODE_SIGN_STYLE = Automatic;
				DEVELOPMENT_TEAM = 7YF7TS46W4;
				INFOPLIST_FILE = Onliner/Info.plist;
				LD_RUNPATH_SEARCH_PATHS = (
					"$(inherited)",
					"@executable_path/Frameworks",
				);
				PRODUCT_BUNDLE_IDENTIFIER = app.haruka.ito1012.Onliner;
				PRODUCT_NAME = "$(TARGET_NAME)";
				SWIFT_VERSION = 5.0;
				TARGETED_DEVICE_FAMILY = "1,2";
			};
			name = Debug;
		};
		7D0BE7CA2534A03C005B2167 /* Release */ = {
			isa = XCBuildConfiguration;
			baseConfigurationReference = BC0C4CE69B419A797CE7477B /* Pods-Onliner.release.xcconfig */;
			buildSettings = {
				ASSETCATALOG_COMPILER_APPICON_NAME = AppIcon;
				CODE_SIGN_STYLE = Automatic;
				DEVELOPMENT_TEAM = 7YF7TS46W4;
				INFOPLIST_FILE = Onliner/Info.plist;
				LD_RUNPATH_SEARCH_PATHS = (
					"$(inherited)",
					"@executable_path/Frameworks",
				);
				PRODUCT_BUNDLE_IDENTIFIER = app.haruka.ito1012.Onliner;
				PRODUCT_NAME = "$(TARGET_NAME)";
				SWIFT_VERSION = 5.0;
				TARGETED_DEVICE_FAMILY = "1,2";
			};
			name = Release;
		};
/* End XCBuildConfiguration section */

/* Begin XCConfigurationList section */
		7D0BE7AF2534A036005B2167 /* Build configuration list for PBXProject "Onliner" */ = {
			isa = XCConfigurationList;
			buildConfigurations = (
				7D0BE7C62534A03C005B2167 /* Debug */,
				7D0BE7C72534A03C005B2167 /* Release */,
			);
			defaultConfigurationIsVisible = 0;
			defaultConfigurationName = Release;
		};
		7D0BE7C82534A03C005B2167 /* Build configuration list for PBXNativeTarget "Onliner" */ = {
			isa = XCConfigurationList;
			buildConfigurations = (
				7D0BE7C92534A03C005B2167 /* Debug */,
				7D0BE7CA2534A03C005B2167 /* Release */,
			);
			defaultConfigurationIsVisible = 0;
			defaultConfigurationName = Release;
		};
/* End XCConfigurationList section */
	};
	rootObject = 7D0BE7AC2534A036005B2167 /* Project object */;
}
